
Microsoft Visual Studio Solution File, Format Version 12.00
# Visual Studio Version 16
VisualStudioVersion = 16.0.31729.503
MinimumVisualStudioVersion = 10.0.40219.1
Project("{FAE04EC0-301F-11D3-BF4B-00C04F79EFBC}") = "Calculations", "Calculations.csproj", "{AAEB7C51-992A-4009-8E94-5933989C3A69}"
EndProject
Project("{FAE04EC0-301F-11D3-BF4B-00C04F79EFBC}") = "Calculations.Test", "..\Calculations.Test\Calculations.Test.csproj", "{ADEEB548-431D-4AC4-8447-A755A5239195}"
EndProject
Global
	GlobalSection(SolutionConfigurationPlatforms) = preSolution
		Debug|Any CPU = Debug|Any CPU
		Release|Any CPU = Release|Any CPU
	EndGlobalSection
	GlobalSection(ProjectConfigurationPlatforms) = postSolution
		{AAEB7C51-992A-4009-8E94-5933989C3A69}.Debug|Any CPU.ActiveCfg = Debug|Any CPU
		{AAEB7C51-992A-4009-8E94-5933989C3A69}.Debug|Any CPU.Build.0 = Debug|Any CPU
		{AAEB7C51-992A-4009-8E94-5933989C3A69}.Release|Any CPU.ActiveCfg = Release|Any CPU
		{AAEB7C51-992A-4009-8E94-5933989C3A69}.Release|Any CPU.Build.0 = Release|Any CPU
		{ADEEB548-431D-4AC4-8447-A755A5239195}.Debug|Any CPU.ActiveCfg = Debug|Any CPU
		{ADEEB548-431D-4AC4-8447-A755A5239195}.Debug|Any CPU.Build.0 = Debug|Any CPU
		{ADEEB548-431D-4AC4-8447-A755A5239195}.Release|Any CPU.ActiveCfg = Release|Any CPU
		{ADEEB548-431D-4AC4-8447-A755A5239195}.Release|Any CPU.Build.0 = Release|Any CPU
	EndGlobalSection
	GlobalSection(SolutionProperties) = preSolution
		HideSolutionNode = FALSE
	EndGlobalSection
	GlobalSection(ExtensibilityGlobals) = postSolution
		SolutionGuid = {A220BBAD-BE39-40AF-8426-D46D1401F379}
	EndGlobalSection
EndGlobal
